
Microsoft Visual Studio Solution File, Format Version 12.00
# Visual Studio 15
VisualStudioVersion = 15.0.28010.2048
MinimumVisualStudioVersion = 10.0.40219.1
Project("{FAE04EC0-301F-11D3-BF4B-00C04F79EFBC}") = "AuthorizationServer", "AuthorizationServer\AuthorizationServer.csproj", "{12C3ABDF-E148-479A-B0F4-723E6280D489}"
EndProject
Global
	GlobalSection(SolutionConfigurationPlatforms) = preSolution
		Debug|Any CPU = Debug|Any CPU
		Release|Any CPU = Release|Any CPU
	EndGlobalSection
	GlobalSection(ProjectConfigurationPlatforms) = postSolution
		{12C3ABDF-E148-479A-B0F4-723E6280D489}.Debug|Any CPU.ActiveCfg = Debug|Any CPU
		{12C3ABDF-E148-479A-B0F4-723E6280D489}.Debug|Any CPU.Build.0 = Debug|Any CPU
		{12C3ABDF-E148-479A-B0F4-723E6280D489}.Release|Any CPU.ActiveCfg = Release|Any CPU
		{12C3ABDF-E148-479A-B0F4-723E6280D489}.Release|Any CPU.Build.0 = Release|Any CPU
	EndGlobalSection
	GlobalSection(SolutionProperties) = preSolution
		HideSolutionNode = FALSE
	EndGlobalSection
	GlobalSection(ExtensibilityGlobals) = postSolution
		SolutionGuid = {4813D64A-7394-4C51-AE27-3CA8AF4DE998}
	EndGlobalSection
EndGlobal
